
Microsoft Visual Studio Solution File, Format Version 12.00
# Visual Studio 14
VisualStudioVersion = 14.0.25420.1
MinimumVisualStudioVersion = 10.0.40219.1
Project("{FAE04EC0-301F-11D3-BF4B-00C04F79EFBC}") = "AcuCafe", "AcuCafe\AcuCafe.csproj", "{497E1FFF-C9D5-4FBB-9739-61BC38E6C635}"
EndProject
Global
	GlobalSection(SolutionConfigurationPlatforms) = preSolution
		Debug|Any CPU = Debug|Any CPU
		Release|Any CPU = Release|Any CPU
	EndGlobalSection
	GlobalSection(ProjectConfigurationPlatforms) = postSolution
		{497E1FFF-C9D5-4FBB-9739-61BC38E6C635}.Debug|Any CPU.ActiveCfg = Debug|Any CPU
		{497E1FFF-C9D5-4FBB-9739-61BC38E6C635}.Debug|Any CPU.Build.0 = Debug|Any CPU
		{497E1FFF-C9D5-4FBB-9739-61BC38E6C635}.Release|Any CPU.ActiveCfg = Release|Any CPU
		{497E1FFF-C9D5-4FBB-9739-61BC38E6C635}.Release|Any CPU.Build.0 = Release|Any CPU
	EndGlobalSection
	GlobalSection(SolutionProperties) = preSolution
		HideSolutionNode = FALSE
	EndGlobalSection
EndGlobal
